github.com/tatsushid/go-fastping v0.0.0-20160109021039-d7bb493dee3e h1:nt2877sKfojlHCTOBXbpWjBkuWKritFaGIfgQwbQUls=
github.com/tatsushid/go-fastping v0.0.0-20160109021039-d7bb493dee3e/go.mod h1:B4+Kq1u5FlULTjFSM707Q6e/cOHFv0z/6QRoxubDIQ8=
golang.org/x/net v0.0.0-20181017193950-04a2e542c03f h1:4pRM7zYwpBjCnfA1jRmhItLxYJkaEnsmuAcRtA347DA=
golang.org/x/net v0.0.0-20181017193950-04a2e542c03f/go.mod h1:mL1N/T3taQHkDXs73rZJwtUhF3w3ftmwwsq0BUmARs4=
